
Microsoft Visual Studio Solution File, Format Version 12.00
# Visual Studio Version 17
VisualStudioVersion = 17.1.32407.343
MinimumVisualStudioVersion = 10.0.40219.1
Project("{2150E333-8FDC-42A3-9474-1A3956D46DE8}") = "Behavioral", "Behavioral", "{FA8812B6-63A0-4F48-A988-AC814D0C7680}"
EndProject
Project("{2150E333-8FDC-42A3-9474-1A3956D46DE8}") = "Structural", "Structural", "{F3F565E1-F274-4343-91E3-52B575EED7F1}"
EndProject
Project("{2150E333-8FDC-42A3-9474-1A3956D46DE8}") = "Creational", "Creational", "{73477EEF-3C58-40BD-AC64-E69607D9247A}"
EndProject
Project("{9A19103F-16F7-4668-BE54-9A1E7A4F7556}") = "StaticFactoryMethod", "StaticFactoryMethod\StaticFactoryMethod.csproj", "{16655697-0E10-4A22-882F-06311416A40C}"
EndProject
Project("{2150E333-8FDC-42A3-9474-1A3956D46DE8}") = "Refactoring", "Refactoring", "{885EA28B-7C84-4462-B9C5-1CEE826CD36B}"
EndProject
Project("{FAE04EC0-301F-11D3-BF4B-00C04F79EFBC}") = "NullObject", "NullObject\NullObject.csproj", "{BCFA0505-B326-4E1C-8574-D508937614F7}"
EndProject
Project("{2150E333-8FDC-42A3-9474-1A3956D46DE8}") = "Tests", "Tests", "{0CF766F9-3B30-48C6-8B32-BEF3015B6F57}"
EndProject
Project("{FAE04EC0-301F-11D3-BF4B-00C04F79EFBC}") = "DesignPatterns.Tests", "DesignPatterns.Tests\DesignPatterns.Tests.csproj", "{B7A37A64-FE3B-49F9-AA90-C522C931D6D2}"
EndProject
Global
	GlobalSection(SolutionConfigurationPlatforms) = preSolution
		Debug|Any CPU = Debug|Any CPU
		Release|Any CPU = Release|Any CPU
	EndGlobalSection
	GlobalSection(ProjectConfigurationPlatforms) = postSolution
		{16655697-0E10-4A22-882F-06311416A40C}.Debug|Any CPU.ActiveCfg = Debug|Any CPU
		{16655697-0E10-4A22-882F-06311416A40C}.Debug|Any CPU.Build.0 = Debug|Any CPU
		{16655697-0E10-4A22-882F-06311416A40C}.Release|Any CPU.ActiveCfg = Release|Any CPU
		{16655697-0E10-4A22-882F-06311416A40C}.Release|Any CPU.Build.0 = Release|Any CPU
		{BCFA0505-B326-4E1C-8574-D508937614F7}.Debug|Any CPU.ActiveCfg = Debug|Any CPU
		{BCFA0505-B326-4E1C-8574-D508937614F7}.Debug|Any CPU.Build.0 = Debug|Any CPU
		{BCFA0505-B326-4E1C-8574-D508937614F7}.Release|Any CPU.ActiveCfg = Release|Any CPU
		{BCFA0505-B326-4E1C-8574-D508937614F7}.Release|Any CPU.Build.0 = Release|Any CPU
		{B7A37A64-FE3B-49F9-AA90-C522C931D6D2}.Debug|Any CPU.ActiveCfg = Debug|Any CPU
		{B7A37A64-FE3B-49F9-AA90-C522C931D6D2}.Debug|Any CPU.Build.0 = Debug|Any CPU
		{B7A37A64-FE3B-49F9-AA90-C522C931D6D2}.Release|Any CPU.ActiveCfg = Release|Any CPU
		{B7A37A64-FE3B-49F9-AA90-C522C931D6D2}.Release|Any CPU.Build.0 = Release|Any CPU
	EndGlobalSection
	GlobalSection(SolutionProperties) = preSolution
		HideSolutionNode = FALSE
	EndGlobalSection
	GlobalSection(NestedProjects) = preSolution
		{16655697-0E10-4A22-882F-06311416A40C} = {73477EEF-3C58-40BD-AC64-E69607D9247A}
		{BCFA0505-B326-4E1C-8574-D508937614F7} = {885EA28B-7C84-4462-B9C5-1CEE826CD36B}
		{B7A37A64-FE3B-49F9-AA90-C522C931D6D2} = {0CF766F9-3B30-48C6-8B32-BEF3015B6F57}
	EndGlobalSection
	GlobalSection(ExtensibilityGlobals) = postSolution
		SolutionGuid = {F20C1D98-3D0F-481E-A4D3-32AEDF412B92}
	EndGlobalSection
EndGlobal
